# This file was autogenerated by Stack.
# You should not edit this file by hand.
# For more information, please see the documentation at:
#   https://docs.haskellstack.org/en/stable/lock_files

packages:
- completed:
    commit: 8a1591253734e1a716d2b0327e438f2bcb1c9890
    git: https://github.com/AshleyYakeley/haskell-src-exts.git
    name: haskell-src-exts
    pantry-tree:
      sha256: 46991267dc6aa6539cb5966a3931b56067a1eb38680dc19d6c4d8e017114e4d1
      size: 98740
    version: 1.23.1
  original:
    commit: 8a1591253734e1a716d2b0327e438f2bcb1c9890
    git: https://github.com/AshleyYakeley/haskell-src-exts.git
snapshots:
- completed:
    sha256: 9444fadfa30b67a93080254d53872478c087592ad64443e47c546cdcd13149ae
    size: 678857
    url: https://raw.githubusercontent.com/commercialhaskell/stackage-snapshots/master/lts/23/0.yaml
  original: lts-23.0
