# This file was autogenerated by Stack.
# You should not edit this file by hand.
# For more information, please see the documentation at:
#   https://docs.haskellstack.org/en/stable/lock_files

packages:
- completed:
    name: haskell-src-exts
    version: 1.23.1
    git: https://github.com/AshleyYakeley/haskell-src-exts.git
    pantry-tree:
      size: 98740
      sha256: d50d2cd982bed8deaa8a8608e9062558ecccffc22d24b1b6b421041c32fd4238
    commit: a2225286fa8349de93b4c0ccc85b8cae8c5d8d05
  original:
    git: https://github.com/AshleyYakeley/haskell-src-exts.git
    commit: a2225286fa8349de93b4c0ccc85b8cae8c5d8d05
snapshots:
- completed:
    size: 619164
    url: https://raw.githubusercontent.com/commercialhaskell/stackage-snapshots/master/lts/19/18.yaml
    sha256: 65b9809265860e085b4f61d4eb00d5d73e41190693620385a69cc9d9df7a901d
  original: lts-19.18
