# This file was autogenerated by Stack.
# You should not edit this file by hand.
# For more information, please see the documentation at:
#   https://docs.haskellstack.org/en/stable/lock_files

packages:
- completed:
    name: haskell-src-exts
    version: 1.23.0
    git: https://github.com/AshleyYakeley/haskell-src-exts.git
    pantry-tree:
      size: 98738
      sha256: 7a072171e66e87e3051fb4d9508b93c731e30c07d1e86aa77fb7fe103b5380bd
    commit: 8cb68def2563e2ebcbdcbec688b326b9f3fa1dd7
  original:
    git: https://github.com/AshleyYakeley/haskell-src-exts.git
    commit: 8cb68def2563e2ebcbdcbec688b326b9f3fa1dd7
snapshots:
- completed:
    size: 494638
    url: https://raw.githubusercontent.com/commercialhaskell/stackage-snapshots/master/lts/15/11.yaml
    sha256: 5747328cdcbb8fe9c96fc048b5566167c80dd176a41b52d3b363058e3cc1dc5d
  original: lts-15.11
